
Microsoft Visual Studio Solution File, Format Version 12.00
# Visual Studio Version 16
VisualStudioVersion = 16.0.35425.106
MinimumVisualStudioVersion = 10.0.40219.1
Project("{FAE04EC0-301F-11D3-BF4B-00C04F79EFBC}") = "BTL_WCB.G08", "BTL_WCB.G08\BTL_WCB.G08.csproj", "{A086581C-6E31-4122-B29D-720B4B26FCE2}"
EndProject
Global
	GlobalSection(SolutionConfigurationPlatforms) = preSolution
		Debug|Any CPU = Debug|Any CPU
		Release|Any CPU = Release|Any CPU
	EndGlobalSection
	GlobalSection(ProjectConfigurationPlatforms) = postSolution
		{A086581C-6E31-4122-B29D-720B4B26FCE2}.Debug|Any CPU.ActiveCfg = Debug|Any CPU
		{A086581C-6E31-4122-B29D-720B4B26FCE2}.Debug|Any CPU.Build.0 = Debug|Any CPU
		{A086581C-6E31-4122-B29D-720B4B26FCE2}.Release|Any CPU.ActiveCfg = Release|Any CPU
		{A086581C-6E31-4122-B29D-720B4B26FCE2}.Release|Any CPU.Build.0 = Release|Any CPU
	EndGlobalSection
	GlobalSection(SolutionProperties) = preSolution
		HideSolutionNode = FALSE
	EndGlobalSection
	GlobalSection(ExtensibilityGlobals) = postSolution
		SolutionGuid = {067A5F62-7243-48A3-9819-3150ED28CF25}
	EndGlobalSection
EndGlobal
